
Microsoft Visual Studio Solution File, Format Version 12.00
# Visual Studio 15
VisualStudioVersion = 15.0.28307.438
MinimumVisualStudioVersion = 10.0.40219.1
Project("{FAE04EC0-301F-11D3-BF4B-00C04F79EFBC}") = "WcfContract", "WcfContract\WcfContract.csproj", "{8F91EC9C-2DF7-45F6-AF8E-2A64B8C09B68}"
EndProject
Global
	GlobalSection(SolutionConfigurationPlatforms) = preSolution
		Debug|Any CPU = Debug|Any CPU
		Release|Any CPU = Release|Any CPU
	EndGlobalSection
	GlobalSection(ProjectConfigurationPlatforms) = postSolution
		{8F91EC9C-2DF7-45F6-AF8E-2A64B8C09B68}.Debug|Any CPU.ActiveCfg = Debug|Any CPU
		{8F91EC9C-2DF7-45F6-AF8E-2A64B8C09B68}.Debug|Any CPU.Build.0 = Debug|Any CPU
		{8F91EC9C-2DF7-45F6-AF8E-2A64B8C09B68}.Release|Any CPU.ActiveCfg = Release|Any CPU
		{8F91EC9C-2DF7-45F6-AF8E-2A64B8C09B68}.Release|Any CPU.Build.0 = Release|Any CPU
	EndGlobalSection
	GlobalSection(SolutionProperties) = preSolution
		HideSolutionNode = FALSE
	EndGlobalSection
	GlobalSection(ExtensibilityGlobals) = postSolution
		SolutionGuid = {999CB226-A6AD-4CE4-9B58-00D6FFA70222}
	EndGlobalSection
EndGlobal
